
Microsoft Visual Studio Solution File, Format Version 12.00
# Visual Studio 15
VisualStudioVersion = 15.0.28307.1705
MinimumVisualStudioVersion = 10.0.40219.1
Project("{FAE04EC0-301F-11D3-BF4B-00C04F79EFBC}") = "Grocery store management", "Grocery store management\Grocery store management.csproj", "{427CC925-3E63-4B5A-A97A-F8C149ECC849}"
EndProject
Project("{FAE04EC0-301F-11D3-BF4B-00C04F79EFBC}") = "Order Management System", "Order Management System\Order Management System.csproj", "{9333CDFF-33AE-4CEF-B9B9-5E90CD52E525}"
EndProject
Global
	GlobalSection(SolutionConfigurationPlatforms) = preSolution
		Debug|Any CPU = Debug|Any CPU
		Release|Any CPU = Release|Any CPU
	EndGlobalSection
	GlobalSection(ProjectConfigurationPlatforms) = postSolution
		{427CC925-3E63-4B5A-A97A-F8C149ECC849}.Debug|Any CPU.ActiveCfg = Debug|Any CPU
		{427CC925-3E63-4B5A-A97A-F8C149ECC849}.Debug|Any CPU.Build.0 = Debug|Any CPU
		{427CC925-3E63-4B5A-A97A-F8C149ECC849}.Release|Any CPU.ActiveCfg = Release|Any CPU
		{427CC925-3E63-4B5A-A97A-F8C149ECC849}.Release|Any CPU.Build.0 = Release|Any CPU
		{9333CDFF-33AE-4CEF-B9B9-5E90CD52E525}.Debug|Any CPU.ActiveCfg = Debug|Any CPU
		{9333CDFF-33AE-4CEF-B9B9-5E90CD52E525}.Debug|Any CPU.Build.0 = Debug|Any CPU
		{9333CDFF-33AE-4CEF-B9B9-5E90CD52E525}.Release|Any CPU.ActiveCfg = Release|Any CPU
		{9333CDFF-33AE-4CEF-B9B9-5E90CD52E525}.Release|Any CPU.Build.0 = Release|Any CPU
	EndGlobalSection
	GlobalSection(SolutionProperties) = preSolution
		HideSolutionNode = FALSE
	EndGlobalSection
	GlobalSection(ExtensibilityGlobals) = postSolution
		SolutionGuid = {267607D6-FB82-41CE-9A17-77E38737817D}
	EndGlobalSection
EndGlobal
